
Microsoft Visual Studio Solution File, Format Version 12.00
Project("{FAE04EC0-301F-11D3-BF4B-00C04F79EFBC}") = "ParseDontValidate", "ParseDontValidate.csproj", "{D353C172-6DC2-41FD-9D7E-474DC9E0D837}"
EndProject
Global
	GlobalSection(SolutionConfigurationPlatforms) = preSolution
		Debug|Any CPU = Debug|Any CPU
		Release|Any CPU = Release|Any CPU
	EndGlobalSection
	GlobalSection(ProjectConfigurationPlatforms) = postSolution
		{D353C172-6DC2-41FD-9D7E-474DC9E0D837}.Debug|Any CPU.ActiveCfg = Debug|Any CPU
		{D353C172-6DC2-41FD-9D7E-474DC9E0D837}.Debug|Any CPU.Build.0 = Debug|Any CPU
		{D353C172-6DC2-41FD-9D7E-474DC9E0D837}.Release|Any CPU.ActiveCfg = Release|Any CPU
		{D353C172-6DC2-41FD-9D7E-474DC9E0D837}.Release|Any CPU.Build.0 = Release|Any CPU
	EndGlobalSection
EndGlobal
